
Microsoft Visual Studio Solution File, Format Version 12.00
# Visual Studio Version 17
VisualStudioVersion = 17.3.32819.101
MinimumVisualStudioVersion = 10.0.40219.1
Project("{9A19103F-16F7-4668-BE54-9A1E7A4F7556}") = "MARCO.Medix", "MARCO.Medix\MARCO.Medix.csproj", "{53B39367-7523-401D-8439-99CA5368FB8C}"
EndProject
Project("{9A19103F-16F7-4668-BE54-9A1E7A4F7556}") = "MARCO.Medix.UI", "MARCO.Medix.UI\MARCO.Medix.UI.csproj", "{13A5304E-1360-4B8A-B49F-11E3CE27EA9F}"
EndProject
Project("{FAE04EC0-301F-11D3-BF4B-00C04F79EFBC}") = "MARCO.Medix.Grpc", "MARCO.Medix.Grpc\MARCO.Medix.Grpc.csproj", "{6643D8C5-ECC0-472D-B663-42D1FC4F4A5B}"
EndProject
Global
	GlobalSection(SolutionConfigurationPlatforms) = preSolution
		Debug|Any CPU = Debug|Any CPU
		Release|Any CPU = Release|Any CPU
	EndGlobalSection
	GlobalSection(ProjectConfigurationPlatforms) = postSolution
		{53B39367-7523-401D-8439-99CA5368FB8C}.Debug|Any CPU.ActiveCfg = Debug|Any CPU
		{53B39367-7523-401D-8439-99CA5368FB8C}.Debug|Any CPU.Build.0 = Debug|Any CPU
		{53B39367-7523-401D-8439-99CA5368FB8C}.Release|Any CPU.ActiveCfg = Release|Any CPU
		{53B39367-7523-401D-8439-99CA5368FB8C}.Release|Any CPU.Build.0 = Release|Any CPU
		{13A5304E-1360-4B8A-B49F-11E3CE27EA9F}.Debug|Any CPU.ActiveCfg = Debug|Any CPU
		{13A5304E-1360-4B8A-B49F-11E3CE27EA9F}.Debug|Any CPU.Build.0 = Debug|Any CPU
		{13A5304E-1360-4B8A-B49F-11E3CE27EA9F}.Release|Any CPU.ActiveCfg = Release|Any CPU
		{13A5304E-1360-4B8A-B49F-11E3CE27EA9F}.Release|Any CPU.Build.0 = Release|Any CPU
		{6643D8C5-ECC0-472D-B663-42D1FC4F4A5B}.Debug|Any CPU.ActiveCfg = Debug|Any CPU
		{6643D8C5-ECC0-472D-B663-42D1FC4F4A5B}.Debug|Any CPU.Build.0 = Debug|Any CPU
		{6643D8C5-ECC0-472D-B663-42D1FC4F4A5B}.Release|Any CPU.ActiveCfg = Release|Any CPU
		{6643D8C5-ECC0-472D-B663-42D1FC4F4A5B}.Release|Any CPU.Build.0 = Release|Any CPU
	EndGlobalSection
	GlobalSection(SolutionProperties) = preSolution
		HideSolutionNode = FALSE
	EndGlobalSection
	GlobalSection(ExtensibilityGlobals) = postSolution
		SolutionGuid = {D7C41DB2-DA70-44D4-BB0A-8EEB3D5F644B}
	EndGlobalSection
EndGlobal
