
Microsoft Visual Studio Solution File, Format Version 12.00
# Visual Studio Version 16
VisualStudioVersion = 16.0.31829.152
MinimumVisualStudioVersion = 10.0.40219.1
Project("{FAE04EC0-301F-11D3-BF4B-00C04F79EFBC}") = "MARCO.Medix", "MARCO.Medix\MARCO.Medix.csproj", "{53B39367-7523-401D-8439-99CA5368FB8C}"
EndProject
Global
	GlobalSection(SolutionConfigurationPlatforms) = preSolution
		Debug|Any CPU = Debug|Any CPU
		Release|Any CPU = Release|Any CPU
	EndGlobalSection
	GlobalSection(ProjectConfigurationPlatforms) = postSolution
		{53B39367-7523-401D-8439-99CA5368FB8C}.Debug|Any CPU.ActiveCfg = Debug|Any CPU
		{53B39367-7523-401D-8439-99CA5368FB8C}.Debug|Any CPU.Build.0 = Debug|Any CPU
		{53B39367-7523-401D-8439-99CA5368FB8C}.Release|Any CPU.ActiveCfg = Release|Any CPU
		{53B39367-7523-401D-8439-99CA5368FB8C}.Release|Any CPU.Build.0 = Release|Any CPU
	EndGlobalSection
	GlobalSection(SolutionProperties) = preSolution
		HideSolutionNode = FALSE
	EndGlobalSection
	GlobalSection(ExtensibilityGlobals) = postSolution
		SolutionGuid = {D7C41DB2-DA70-44D4-BB0A-8EEB3D5F644B}
	EndGlobalSection
EndGlobal
